
Microsoft Visual Studio Solution File, Format Version 12.00
# Visual Studio Version 17
VisualStudioVersion = 17.11.35222.181
MinimumVisualStudioVersion = 10.0.40219.1
Project("{FAE04EC0-301F-11D3-BF4B-00C04F79EFBC}") = "WpfApp13", "WpfApp13\WpfApp13.csproj", "{1964E0DA-2317-4855-9718-4E443F2B6F52}"
EndProject
Global
	GlobalSection(SolutionConfigurationPlatforms) = preSolution
		Debug|Any CPU = Debug|Any CPU
		Release|Any CPU = Release|Any CPU
	EndGlobalSection
	GlobalSection(ProjectConfigurationPlatforms) = postSolution
		{1964E0DA-2317-4855-9718-4E443F2B6F52}.Debug|Any CPU.ActiveCfg = Debug|Any CPU
		{1964E0DA-2317-4855-9718-4E443F2B6F52}.Debug|Any CPU.Build.0 = Debug|Any CPU
		{1964E0DA-2317-4855-9718-4E443F2B6F52}.Release|Any CPU.ActiveCfg = Release|Any CPU
		{1964E0DA-2317-4855-9718-4E443F2B6F52}.Release|Any CPU.Build.0 = Release|Any CPU
	EndGlobalSection
	GlobalSection(SolutionProperties) = preSolution
		HideSolutionNode = FALSE
	EndGlobalSection
	GlobalSection(ExtensibilityGlobals) = postSolution
		SolutionGuid = {5CC86F0C-0575-4D21-9017-484E44C7324B}
	EndGlobalSection
EndGlobal
